
Microsoft Visual Studio Solution File, Format Version 11.00
# Visual Studio 2010
Project("{FAE04EC0-301F-11D3-BF4B-00C04F79EFBC}") = "Assembly-CSharp", "Assembly-CSharp.csproj", "{dfb12e37-b2b8-e963-3f45-390619a2760f}"
EndProject
Project("{FAE04EC0-301F-11D3-BF4B-00C04F79EFBC}") = "Assembly-CSharp-firstpass", "Assembly-CSharp-firstpass.csproj", "{7be62822-362d-bc07-6796-14d64d2694d3}"
EndProject
Global
	GlobalSection(SolutionConfigurationPlatforms) = preSolution
		Debug|Any CPU = Debug|Any CPU
	EndGlobalSection
	GlobalSection(ProjectConfigurationPlatforms) = postSolution
		{dfb12e37-b2b8-e963-3f45-390619a2760f}.Debug|Any CPU.ActiveCfg = Debug|Any CPU
		{dfb12e37-b2b8-e963-3f45-390619a2760f}.Debug|Any CPU.Build.0 = Debug|Any CPU
		{7be62822-362d-bc07-6796-14d64d2694d3}.Debug|Any CPU.ActiveCfg = Debug|Any CPU
		{7be62822-362d-bc07-6796-14d64d2694d3}.Debug|Any CPU.Build.0 = Debug|Any CPU
	EndGlobalSection
	GlobalSection(SolutionProperties) = preSolution
		HideSolutionNode = FALSE
	EndGlobalSection
EndGlobal
